
Microsoft Visual Studio Solution File, Format Version 12.00
# Visual Studio Version 16
VisualStudioVersion = 16.0.31112.23
MinimumVisualStudioVersion = 10.0.40219.1
Project("{9A19103F-16F7-4668-BE54-9A1E7A4F7556}") = "R5", "R5.csproj", "{45A2315E-CC9F-4EC6-BF28-5A936FF27011}"
EndProject
Global
	GlobalSection(SolutionConfigurationPlatforms) = preSolution
		Debug|Any CPU = Debug|Any CPU
		Release|Any CPU = Release|Any CPU
	EndGlobalSection
	GlobalSection(ProjectConfigurationPlatforms) = postSolution
		{45A2315E-CC9F-4EC6-BF28-5A936FF27011}.Debug|Any CPU.ActiveCfg = Debug|Any CPU
		{45A2315E-CC9F-4EC6-BF28-5A936FF27011}.Debug|Any CPU.Build.0 = Debug|Any CPU
		{45A2315E-CC9F-4EC6-BF28-5A936FF27011}.Release|Any CPU.ActiveCfg = Release|Any CPU
		{45A2315E-CC9F-4EC6-BF28-5A936FF27011}.Release|Any CPU.Build.0 = Release|Any CPU
	EndGlobalSection
	GlobalSection(SolutionProperties) = preSolution
		HideSolutionNode = FALSE
	EndGlobalSection
	GlobalSection(ExtensibilityGlobals) = postSolution
		SolutionGuid = {C75333AE-6EE5-48B6-ABB9-C3FA87CB4883}
	EndGlobalSection
EndGlobal
